
Microsoft Visual Studio Solution File, Format Version 12.00
# Visual Studio Version 16
VisualStudioVersion = 16.0.30204.135
MinimumVisualStudioVersion = 10.0.40219.1
Project("{FAE04EC0-301F-11D3-BF4B-00C04F79EFBC}") = "Empresa", "Empresa\Empresa.csproj", "{F3AD3DC8-FFC3-40D1-8DD5-81C02EFB6DA9}"
EndProject
Global
	GlobalSection(SolutionConfigurationPlatforms) = preSolution
		Debug|Any CPU = Debug|Any CPU
		Release|Any CPU = Release|Any CPU
	EndGlobalSection
	GlobalSection(ProjectConfigurationPlatforms) = postSolution
		{F3AD3DC8-FFC3-40D1-8DD5-81C02EFB6DA9}.Debug|Any CPU.ActiveCfg = Debug|Any CPU
		{F3AD3DC8-FFC3-40D1-8DD5-81C02EFB6DA9}.Debug|Any CPU.Build.0 = Debug|Any CPU
		{F3AD3DC8-FFC3-40D1-8DD5-81C02EFB6DA9}.Release|Any CPU.ActiveCfg = Release|Any CPU
		{F3AD3DC8-FFC3-40D1-8DD5-81C02EFB6DA9}.Release|Any CPU.Build.0 = Release|Any CPU
	EndGlobalSection
	GlobalSection(SolutionProperties) = preSolution
		HideSolutionNode = FALSE
	EndGlobalSection
	GlobalSection(ExtensibilityGlobals) = postSolution
		SolutionGuid = {5C6D3E7C-D9EC-4A04-90DD-179CA847FF59}
	EndGlobalSection
EndGlobal
